// !$*UTF8*$!
{
	archiveVersion = 1;
	classes = {
	};
	objectVersion = 46;
	objects = {

/* Begin PBXBuildFile section */
		4B6F21D41ED7C7C30029978E /* AppDelegate.swift in Sources */ = {isa = PBXBuildFile; fileRef = 4B6F21D31ED7C7C30029978E /* AppDelegate.swift */; };
		4B6F21D61ED7C7C30029978E /* ViewController.swift in Sources */ = {isa = PBXBuildFile; fileRef = 4B6F21D51ED7C7C30029978E /* ViewController.swift */; };
		4B6F21D91ED7C7C30029978E /* Main.storyboard in Resources */ = {isa = PBXBuildFile; fileRef = 4B6F21D71ED7C7C30029978E /* Main.storyboard */; };
		4B6F21DB1ED7C7C30029978E /* Assets.xcassets in Resources */ = {isa = PBXBuildFile; fileRef = 4B6F21DA1ED7C7C30029978E /* Assets.xcassets */; };
		4B6F21DE1ED7C7C30029978E /* LaunchScreen.storyboard in Resources */ = {isa = PBXBuildFile; fileRef = 4B6F21DC1ED7C7C30029978E /* LaunchScreen.storyboard */; };
		4B6F21E91ED7C7C30029978E /* FTCalendarTests.swift in Sources */ = {isa = PBXBuildFile; fileRef = 4B6F21E81ED7C7C30029978E /* FTCalendarTests.swift */; };
		4B6F21F41ED7C7C30029978E /* FTCalendarUITests.swift in Sources */ = {isa = PBXBuildFile; fileRef = 4B6F21F31ED7C7C30029978E /* FTCalendarUITests.swift */; };
		4B6F22041ED7D0C20029978E /* CalendarDayCell.swift in Sources */ = {isa = PBXBuildFile; fileRef = 4B6F22021ED7D0C20029978E /* CalendarDayCell.swift */; };
		4B6F22051ED7D0C20029978E /* CalendarView.swift in Sources */ = {isa = PBXBuildFile; fileRef = 4B6F22031ED7D0C20029978E /* CalendarView.swift */; };
/* End PBXBuildFile section */

/* Begin PBXContainerItemProxy section */
		4B6F21E51ED7C7C30029978E /* PBXContainerItemProxy */ = {
			isa = PBXContainerItemProxy;
			containerPortal = 4B6F21C81ED7C7C30029978E /* Project object */;
			proxyType = 1;
			remoteGlobalIDString = 4B6F21CF1ED7C7C30029978E;
			remoteInfo = FTCalendar;
		};
		4B6F21F01ED7C7C30029978E /* PBXContainerItemProxy */ = {
			isa = PBXContainerItemProxy;
			containerPortal = 4B6F21C81ED7C7C30029978E /* Project object */;
			proxyType = 1;
			remoteGlobalIDString = 4B6F21CF1ED7C7C30029978E;
			remoteInfo = FTCalendar;
		};
/* End PBXContainerItemProxy section */

/* Begin PBXFileReference section */
		4B6F21D01ED7C7C30029978E /* FTCalendar.app */ = {isa = PBXFileReference; explicitFileType = wrapper.application; includeInIndex = 0; path = FTCalendar.app; sourceTree = BUILT_PRODUCTS_DIR; };
		4B6F21D31ED7C7C30029978E /* AppDelegate.swift */ = {isa = PBXFileReference; lastKnownFileType = sourcecode.swift; path = AppDelegate.swift; sourceTree = "<group>"; };
		4B6F21D51ED7C7C30029978E /* ViewController.swift */ = {isa = PBXFileReference; lastKnownFileType = sourcecode.swift; path = ViewController.swift; sourceTree = "<group>"; };
		4B6F21D81ED7C7C30029978E /* Base */ = {isa = PBXFileReference; lastKnownFileType = file.storyboard; name = Base; path = Base.lproj/Main.storyboard; sourceTree = "<group>"; };
		4B6F21DA1ED7C7C30029978E /* Assets.xcassets */ = {isa = PBXFileReference; lastKnownFileType = folder.assetcatalog; path = Assets.xcassets; sourceTree = "<group>"; };
		4B6F21DD1ED7C7C30029978E /* Base */ = {isa = PBXFileReference; lastKnownFileType = file.storyboard; name = Base; path = Base.lproj/LaunchScreen.storyboard; sourceTree = "<group>"; };
		4B6F21DF1ED7C7C30029978E /* Info.plist */ = {isa = PBXFileReference; lastKnownFileType = text.plist.xml; path = Info.plist; sourceTree = "<group>"; };
		4B6F21E41ED7C7C30029978E /* FTCalendarTests.xctest */ = {isa = PBXFileReference; explicitFileType = wrapper.cfbundle; includeInIndex = 0; path = FTCalendarTests.xctest; sourceTree = BUILT_PRODUCTS_DIR; };
		4B6F21E81ED7C7C30029978E /* FTCalendarTests.swift */ = {isa = PBXFileReference; lastKnownFileType = sourcecode.swift; path = FTCalendarTests.swift; sourceTree = "<group>"; };
		4B6F21EA1ED7C7C30029978E /* Info.plist */ = {isa = PBXFileReference; lastKnownFileType = text.plist.xml; path = Info.plist; sourceTree = "<group>"; };
		4B6F21EF1ED7C7C30029978E /* FTCalendarUITests.xctest */ = {isa = PBXFileReference; explicitFileType = wrapper.cfbundle; includeInIndex = 0; path = FTCalendarUITests.xctest; sourceTree = BUILT_PRODUCTS_DIR; };
		4B6F21F31ED7C7C30029978E /* FTCalendarUITests.swift */ = {isa = PBXFileReference; lastKnownFileType = sourcecode.swift; path = FTCalendarUITests.swift; sourceTree = "<group>"; };
		4B6F21F51ED7C7C30029978E /* Info.plist */ = {isa = PBXFileReference; lastKnownFileType = text.plist.xml; path = Info.plist; sourceTree = "<group>"; };
		4B6F22021ED7D0C20029978E /* CalendarDayCell.swift */ = {isa = PBXFileReference; fileEncoding = 4; lastKnownFileType = sourcecode.swift; path = CalendarDayCell.swift; sourceTree = "<group>"; };
		4B6F22031ED7D0C20029978E /* CalendarView.swift */ = {isa = PBXFileReference; fileEncoding = 4; lastKnownFileType = sourcecode.swift; path = CalendarView.swift; sourceTree = "<group>"; };
/* End PBXFileReference section */

/* Begin PBXFrameworksBuildPhase section */
		4B6F21CD1ED7C7C30029978E /* Frameworks */ = {
			isa = PBXFrameworksBuildPhase;
			buildActionMask = 2147483647;
			files = (
			);
			runOnlyForDeploymentPostprocessing = 0;
		};
		4B6F21E11ED7C7C30029978E /* Frameworks */ = {
			isa = PBXFrameworksBuildPhase;
			buildActionMask = 2147483647;
			files = (
			);
			runOnlyForDeploymentPostprocessing = 0;
		};
		4B6F21EC1ED7C7C30029978E /* Frameworks */ = {
			isa = PBXFrameworksBuildPhase;
			buildActionMask = 2147483647;
			files = (
			);
			runOnlyForDeploymentPostprocessing = 0;
		};
/* End PBXFrameworksBuildPhase section */

/* Begin PBXGroup section */
		4B6F21C71ED7C7C30029978E = {
			isa = PBXGroup;
			children = (
				4B6F21D21ED7C7C30029978E /* FTCalendar */,
				4B6F21E71ED7C7C30029978E /* FTCalendarTests */,
				4B6F21F21ED7C7C30029978E /* FTCalendarUITests */,
				4B6F21D11ED7C7C30029978E /* Products */,
			);
			sourceTree = "<group>";
		};
		4B6F21D11ED7C7C30029978E /* Products */ = {
			isa = PBXGroup;
			children = (
				4B6F21D01ED7C7C30029978E /* FTCalendar.app */,
				4B6F21E41ED7C7C30029978E /* FTCalendarTests.xctest */,
				4B6F21EF1ED7C7C30029978E /* FTCalendarUITests.xctest */,
			);
			name = Products;
			sourceTree = "<group>";
		};
		4B6F21D21ED7C7C30029978E /* FTCalendar */ = {
			isa = PBXGroup;
			children = (
				4B6F21D31ED7C7C30029978E /* AppDelegate.swift */,
				4B6F21D51ED7C7C30029978E /* ViewController.swift */,
				4B6F22021ED7D0C20029978E /* CalendarDayCell.swift */,
				4B6F22031ED7D0C20029978E /* CalendarView.swift */,
				4B6F21D71ED7C7C30029978E /* Main.storyboard */,
				4B6F21DA1ED7C7C30029978E /* Assets.xcassets */,
				4B6F21DC1ED7C7C30029978E /* LaunchScreen.storyboard */,
				4B6F21DF1ED7C7C30029978E /* Info.plist */,
			);
			path = FTCalendar;
			sourceTree = "<group>";
		};
		4B6F21E71ED7C7C30029978E /* FTCalendarTests */ = {
			isa = PBXGroup;
			children = (
				4B6F21E81ED7C7C30029978E /* FTCalendarTests.swift */,
				4B6F21EA1ED7C7C30029978E /* Info.plist */,
			);
			path = FTCalendarTests;
			sourceTree = "<group>";
		};
		4B6F21F21ED7C7C30029978E /* FTCalendarUITests */ = {
			isa = PBXGroup;
			children = (
				4B6F21F31ED7C7C30029978E /* FTCalendarUITests.swift */,
				4B6F21F51ED7C7C30029978E /* Info.plist */,
			);
			path = FTCalendarUITests;
			sourceTree = "<group>";
		};
/* End PBXGroup section */

/* Begin PBXNativeTarget section */
		4B6F21CF1ED7C7C30029978E /* FTCalendar */ = {
			isa = PBXNativeTarget;
			buildConfigurationList = 4B6F21F81ED7C7C30029978E /* Build configuration list for PBXNativeTarget "FTCalendar" */;
			buildPhases = (
				4B6F21CC1ED7C7C30029978E /* Sources */,
				4B6F21CD1ED7C7C30029978E /* Frameworks */,
				4B6F21CE1ED7C7C30029978E /* Resources */,
			);
			buildRules = (
			);
			dependencies = (
			);
			name = FTCalendar;
			productName = FTCalendar;
			productReference = 4B6F21D01ED7C7C30029978E /* FTCalendar.app */;
			productType = "com.apple.product-type.application";
		};
		4B6F21E31ED7C7C30029978E /* FTCalendarTests */ = {
			isa = PBXNativeTarget;
			buildConfigurationList = 4B6F21FB1ED7C7C30029978E /* Build configuration list for PBXNativeTarget "FTCalendarTests" */;
			buildPhases = (
				4B6F21E01ED7C7C30029978E /* Sources */,
				4B6F21E11ED7C7C30029978E /* Frameworks */,
				4B6F21E21ED7C7C30029978E /* Resources */,
			);
			buildRules = (
			);
			dependencies = (
				4B6F21E61ED7C7C30029978E /* PBXTargetDependency */,
			);
			name = FTCalendarTests;
			productName = FTCalendarTests;
			productReference = 4B6F21E41ED7C7C30029978E /* FTCalendarTests.xctest */;
			productType = "com.apple.product-type.bundle.unit-test";
		};
		4B6F21EE1ED7C7C30029978E /* FTCalendarUITests */ = {
			isa = PBXNativeTarget;
			buildConfigurationList = 4B6F21FE1ED7C7C30029978E /* Build configuration list for PBXNativeTarget "FTCalendarUITests" */;
			buildPhases = (
				4B6F21EB1ED7C7C30029978E /* Sources */,
				4B6F21EC1ED7C7C30029978E /* Frameworks */,
				4B6F21ED1ED7C7C30029978E /* Resources */,
			);
			buildRules = (
			);
			dependencies = (
				4B6F21F11ED7C7C30029978E /* PBXTargetDependency */,
			);
			name = FTCalendarUITests;
			productName = FTCalendarUITests;
			productReference = 4B6F21EF1ED7C7C30029978E /* FTCalendarUITests.xctest */;
			productType = "com.apple.product-type.bundle.ui-testing";
		};
/* End PBXNativeTarget section */

/* Begin PBXProject section */
		4B6F21C81ED7C7C30029978E /* Project object */ = {
			isa = PBXProject;
			attributes = {
				LastSwiftUpdateCheck = 0830;
				LastUpgradeCheck = 0830;
				ORGANIZATIONNAME = yuhsuan19;
				TargetAttributes = {
					4B6F21CF1ED7C7C30029978E = {
						CreatedOnToolsVersion = 8.3.2;
						DevelopmentTeam = YFV6UCY46Z;
						ProvisioningStyle = Automatic;
					};
					4B6F21E31ED7C7C30029978E = {
						CreatedOnToolsVersion = 8.3.2;
						DevelopmentTeam = YFV6UCY46Z;
						ProvisioningStyle = Automatic;
						TestTargetID = 4B6F21CF1ED7C7C30029978E;
					};
					4B6F21EE1ED7C7C30029978E = {
						CreatedOnToolsVersion = 8.3.2;
						DevelopmentTeam = YFV6UCY46Z;
						ProvisioningStyle = Automatic;
						TestTargetID = 4B6F21CF1ED7C7C30029978E;
					};
				};
			};
			buildConfigurationList = 4B6F21CB1ED7C7C30029978E /* Build configuration list for PBXProject "FTCalendar" */;
			compatibilityVersion = "Xcode 3.2";
			developmentRegion = English;
			hasScannedForEncodings = 0;
			knownRegions = (
				en,
				Base,
			);
			mainGroup = 4B6F21C71ED7C7C30029978E;
			productRefGroup = 4B6F21D11ED7C7C30029978E /* Products */;
			projectDirPath = "";
			projectRoot = "";
			targets = (
				4B6F21CF1ED7C7C30029978E /* FTCalendar */,
				4B6F21E31ED7C7C30029978E /* FTCalendarTests */,
				4B6F21EE1ED7C7C30029978E /* FTCalendarUITests */,
			);
		};
/* End PBXProject section */

/* Begin PBXResourcesBuildPhase section */
		4B6F21CE1ED7C7C30029978E /* Resources */ = {
			isa = PBXResourcesBuildPhase;
			buildActionMask = 2147483647;
			files = (
				4B6F21DE1ED7C7C30029978E /* LaunchScreen.storyboard in Resources */,
				4B6F21DB1ED7C7C30029978E /* Assets.xcassets in Resources */,
				4B6F21D91ED7C7C30029978E /* Main.storyboard in Resources */,
			);
			runOnlyForDeploymentPostprocessing = 0;
		};
		4B6F21E21ED7C7C30029978E /* Resources */ = {
			isa = PBXResourcesBuildPhase;
			buildActionMask = 2147483647;
			files = (
			);
			runOnlyForDeploymentPostprocessing = 0;
		};
		4B6F21ED1ED7C7C30029978E /* Resources */ = {
			isa = PBXResourcesBuildPhase;
			buildActionMask = 2147483647;
			files = (
			);
			runOnlyForDeploymentPostprocessing = 0;
		};
/* End PBXResourcesBuildPhase section */

/* Begin PBXSourcesBuildPhase section */
		4B6F21CC1ED7C7C30029978E /* Sources */ = {
			isa = PBXSourcesBuildPhase;
			buildActionMask = 2147483647;
			files = (
				4B6F21D61ED7C7C30029978E /* ViewController.swift in Sources */,
				4B6F21D41ED7C7C30029978E /* AppDelegate.swift in Sources */,
				4B6F22051ED7D0C20029978E /* CalendarView.swift in Sources */,
				4B6F22041ED7D0C20029978E /* CalendarDayCell.swift in Sources */,
			);
			runOnlyForDeploymentPostprocessing = 0;
		};
		4B6F21E01ED7C7C30029978E /* Sources */ = {
			isa = PBXSourcesBuildPhase;
			buildActionMask = 2147483647;
			files = (
				4B6F21E91ED7C7C30029978E /* FTCalendarTests.swift in Sources */,
			);
			runOnlyForDeploymentPostprocessing = 0;
		};
		4B6F21EB1ED7C7C30029978E /* Sources */ = {
			isa = PBXSourcesBuildPhase;
			buildActionMask = 2147483647;
			files = (
				4B6F21F41ED7C7C30029978E /* FTCalendarUITests.swift in Sources */,
			);
			runOnlyForDeploymentPostprocessing = 0;
		};
/* End PBXSourcesBuildPhase section */

/* Begin PBXTargetDependency section */
		4B6F21E61ED7C7C30029978E /* PBXTargetDependency */ = {
			isa = PBXTargetDependency;
			target = 4B6F21CF1ED7C7C30029978E /* FTCalendar */;
			targetProxy = 4B6F21E51ED7C7C30029978E /* PBXContainerItemProxy */;
		};
		4B6F21F11ED7C7C30029978E /* PBXTargetDependency */ = {
			isa = PBXTargetDependency;
			target = 4B6F21CF1ED7C7C30029978E /* FTCalendar */;
			targetProxy = 4B6F21F01ED7C7C30029978E /* PBXContainerItemProxy */;
		};
/* End PBXTargetDependency section */

/* Begin PBXVariantGroup section */
		4B6F21D71ED7C7C30029978E /* Main.storyboard */ = {
			isa = PBXVariantGroup;
			children = (
				4B6F21D81ED7C7C30029978E /* Base */,
			);
			name = Main.storyboard;
			sourceTree = "<group>";
		};
		4B6F21DC1ED7C7C30029978E /* LaunchScreen.storyboard */ = {
			isa = PBXVariantGroup;
			children = (
				4B6F21DD1ED7C7C30029978E /* Base */,
			);
			name = LaunchScreen.storyboard;
			sourceTree = "<group>";
		};
/* End PBXVariantGroup section */

/* Begin XCBuildConfiguration section */
		4B6F21F61ED7C7C30029978E /* Debug */ = {
			isa = XCBuildConfiguration;
			buildSettings = {
				ALWAYS_SEARCH_USER_PATHS = NO;
				CLANG_ANALYZER_NONNULL = YES;
				CLANG_ANALYZER_NUMBER_OBJECT_CONVERSION = YES_AGGRESSIVE;
				CLANG_CXX_LANGUAGE_STANDARD = "gnu++0x";
				CLANG_CXX_LIBRARY = "libc++";
				CLANG_ENABLE_MODULES = YES;
				CLANG_ENABLE_OBJC_ARC = YES;
				CLANG_WARN_BOOL_CONVERSION = YES;
				CLANG_WARN_CONSTANT_CONVERSION = YES;
				CLANG_WARN_DIRECT_OBJC_ISA_USAGE = YES_ERROR;
				CLANG_WARN_DOCUMENTATION_COMMENTS = YES;
				CLANG_WARN_EMPTY_BODY = YES;
				CLANG_WARN_ENUM_CONVERSION = YES;
				CLANG_WARN_INFINITE_RECURSION = YES;
				CLANG_WARN_INT_CONVERSION = YES;
				CLANG_WARN_OBJC_ROOT_CLASS = YES_ERROR;
				CLANG_WARN_SUSPICIOUS_MOVE = YES;
				CLANG_WARN_UNREACHABLE_CODE = YES;
				CLANG_WARN__DUPLICATE_METHOD_MATCH = YES;
				"CODE_SIGN_IDENTITY[sdk=iphoneos*]" = "iPhone Developer";
				COPY_PHASE_STRIP = NO;
				DEBUG_INFORMATION_FORMAT = dwarf;
				ENABLE_STRICT_OBJC_MSGSEND = YES;
				ENABLE_TESTABILITY = YES;
				GCC_C_LANGUAGE_STANDARD = gnu99;
				GCC_DYNAMIC_NO_PIC = NO;
				GCC_NO_COMMON_BLOCKS = YES;
				GCC_OPTIMIZATION_LEVEL = 0;
				GCC_PREPROCESSOR_DEFINITIONS = (
					"DEBUG=1",
					"$(inherited)",
				);
				GCC_WARN_64_TO_32_BIT_CONVERSION = YES;
				GCC_WARN_ABOUT_RETURN_TYPE = YES_ERROR;
				GCC_WARN_UNDECLARED_SELECTOR = YES;
				GCC_WARN_UNINITIALIZED_AUTOS = YES_AGGRESSIVE;
				GCC_WARN_UNUSED_FUNCTION = YES;
				GCC_WARN_UNUSED_VARIABLE = YES;
				IPHONEOS_DEPLOYMENT_TARGET = 10.3;
				MTL_ENABLE_DEBUG_INFO = YES;
				ONLY_ACTIVE_ARCH = YES;
				SDKROOT = iphoneos;
				SWIFT_ACTIVE_COMPILATION_CONDITIONS = DEBUG;
				SWIFT_OPTIMIZATION_LEVEL = "-Onone";
				TARGETED_DEVICE_FAMILY = "1,2";
			};
			name = Debug;
		};
		4B6F21F71ED7C7C30029978E /* Release */ = {
			isa = XCBuildConfiguration;
			buildSettings = {
				ALWAYS_SEARCH_USER_PATHS = NO;
				CLANG_ANALYZER_NONNULL = YES;
				CLANG_ANALYZER_NUMBER_OBJECT_CONVERSION = YES_AGGRESSIVE;
				CLANG_CXX_LANGUAGE_STANDARD = "gnu++0x";
				CLANG_CXX_LIBRARY = "libc++";
				CLANG_ENABLE_MODULES = YES;
				CLANG_ENABLE_OBJC_ARC = YES;
				CLANG_WARN_BOOL_CONVERSION = YES;
				CLANG_WARN_CONSTANT_CONVERSION = YES;
				CLANG_WARN_DIRECT_OBJC_ISA_USAGE = YES_ERROR;
				CLANG_WARN_DOCUMENTATION_COMMENTS = YES;
				CLANG_WARN_EMPTY_BODY = YES;
				CLANG_WARN_ENUM_CONVERSION = YES;
				CLANG_WARN_INFINITE_RECURSION = YES;
				CLANG_WARN_INT_CONVERSION = YES;
				CLANG_WARN_OBJC_ROOT_CLASS = YES_ERROR;
				CLANG_WARN_SUSPICIOUS_MOVE = YES;
				CLANG_WARN_UNREACHABLE_CODE = YES;
				CLANG_WARN__DUPLICATE_METHOD_MATCH = YES;
				"CODE_SIGN_IDENTITY[sdk=iphoneos*]" = "iPhone Developer";
				COPY_PHASE_STRIP = NO;
				DEBUG_INFORMATION_FORMAT = "dwarf-with-dsym";
				ENABLE_NS_ASSERTIONS = NO;
				ENABLE_STRICT_OBJC_MSGSEND = YES;
				GCC_C_LANGUAGE_STANDARD = gnu99;
				GCC_NO_COMMON_BLOCKS = YES;
				GCC_WARN_64_TO_32_BIT_CONVERSION = YES;
				GCC_WARN_ABOUT_RETURN_TYPE = YES_ERROR;
				GCC_WARN_UNDECLARED_SELECTOR = YES;
				GCC_WARN_UNINITIALIZED_AUTOS = YES_AGGRESSIVE;
				GCC_WARN_UNUSED_FUNCTION = YES;
				GCC_WARN_UNUSED_VARIABLE = YES;
				IPHONEOS_DEPLOYMENT_TARGET = 10.3;
				MTL_ENABLE_DEBUG_INFO = NO;
				SDKROOT = iphoneos;
				SWIFT_OPTIMIZATION_LEVEL = "-Owholemodule";
				TARGETED_DEVICE_FAMILY = "1,2";
				VALIDATE_PRODUCT = YES;
			};
			name = Release;
		};
		4B6F21F91ED7C7C30029978E /* Debug */ = {
			isa = XCBuildConfiguration;
			buildSettings = {
				ASSETCATALOG_COMPILER_APPICON_NAME = AppIcon;
				DEVELOPMENT_TEAM = YFV6UCY46Z;
				INFOPLIST_FILE = FTCalendar/Info.plist;
				LD_RUNPATH_SEARCH_PATHS = "$(inherited) @executable_path/Frameworks";
				PRODUCT_BUNDLE_IDENTIFIER = dev.yuhsuan19.FTCalendar;
				PRODUCT_NAME = "$(TARGET_NAME)";
				SWIFT_VERSION = 3.0;
			};
			name = Debug;
		};
		4B6F21FA1ED7C7C30029978E /* Release */ = {
			isa = XCBuildConfiguration;
			buildSettings = {
				ASSETCATALOG_COMPILER_APPICON_NAME = AppIcon;
				DEVELOPMENT_TEAM = YFV6UCY46Z;
				INFOPLIST_FILE = FTCalendar/Info.plist;
				LD_RUNPATH_SEARCH_PATHS = "$(inherited) @executable_path/Frameworks";
				PRODUCT_BUNDLE_IDENTIFIER = dev.yuhsuan19.FTCalendar;
				PRODUCT_NAME = "$(TARGET_NAME)";
				SWIFT_VERSION = 3.0;
			};
			name = Release;
		};
		4B6F21FC1ED7C7C30029978E /* Debug */ = {
			isa = XCBuildConfiguration;
			buildSettings = {
				ALWAYS_EMBED_SWIFT_STANDARD_LIBRARIES = YES;
				BUNDLE_LOADER = "$(TEST_HOST)";
				DEVELOPMENT_TEAM = YFV6UCY46Z;
				INFOPLIST_FILE = FTCalendarTests/Info.plist;
				LD_RUNPATH_SEARCH_PATHS = "$(inherited) @executable_path/Frameworks @loader_path/Frameworks";
				PRODUCT_BUNDLE_IDENTIFIER = dev.yuhsuan19.FTCalendarTests;
				PRODUCT_NAME = "$(TARGET_NAME)";
				SWIFT_VERSION = 3.0;
				TEST_HOST = "$(BUILT_PRODUCTS_DIR)/FTCalendar.app/FTCalendar";
			};
			name = Debug;
		};
		4B6F21FD1ED7C7C30029978E /* Release */ = {
			isa = XCBuildConfiguration;
			buildSettings = {
				ALWAYS_EMBED_SWIFT_STANDARD_LIBRARIES = YES;
				BUNDLE_LOADER = "$(TEST_HOST)";
				DEVELOPMENT_TEAM = YFV6UCY46Z;
				INFOPLIST_FILE = FTCalendarTests/Info.plist;
				LD_RUNPATH_SEARCH_PATHS = "$(inherited) @executable_path/Frameworks @loader_path/Frameworks";
				PRODUCT_BUNDLE_IDENTIFIER = dev.yuhsuan19.FTCalendarTests;
				PRODUCT_NAME = "$(TARGET_NAME)";
				SWIFT_VERSION = 3.0;
				TEST_HOST = "$(BUILT_PRODUCTS_DIR)/FTCalendar.app/FTCalendar";
			};
			name = Release;
		};
		4B6F21FF1ED7C7C30029978E /* Debug */ = {
			isa = XCBuildConfiguration;
			buildSettings = {
				ALWAYS_EMBED_SWIFT_STANDARD_LIBRARIES = YES;
				DEVELOPMENT_TEAM = YFV6UCY46Z;
				INFOPLIST_FILE = FTCalendarUITests/Info.plist;
				LD_RUNPATH_SEARCH_PATHS = "$(inherited) @executable_path/Frameworks @loader_path/Frameworks";
				PRODUCT_BUNDLE_IDENTIFIER = dev.yuhsuan19.FTCalendarUITests;
				PRODUCT_NAME = "$(TARGET_NAME)";
				SWIFT_VERSION = 3.0;
				TEST_TARGET_NAME = FTCalendar;
			};
			name = Debug;
		};
		4B6F22001ED7C7C30029978E /* Release */ = {
			isa = XCBuildConfiguration;
			buildSettings = {
				ALWAYS_EMBED_SWIFT_STANDARD_LIBRARIES = YES;
				DEVELOPMENT_TEAM = YFV6UCY46Z;
				INFOPLIST_FILE = FTCalendarUITests/Info.plist;
				LD_RUNPATH_SEARCH_PATHS = "$(inherited) @executable_path/Frameworks @loader_path/Frameworks";
				PRODUCT_BUNDLE_IDENTIFIER = dev.yuhsuan19.FTCalendarUITests;
				PRODUCT_NAME = "$(TARGET_NAME)";
				SWIFT_VERSION = 3.0;
				TEST_TARGET_NAME = FTCalendar;
			};
			name = Release;
		};
/* End XCBuildConfiguration section */

/* Begin XCConfigurationList section */
		4B6F21CB1ED7C7C30029978E /* Build configuration list for PBXProject "FTCalendar" */ = {
			isa = XCConfigurationList;
			buildConfigurations = (
				4B6F21F61ED7C7C30029978E /* Debug */,
				4B6F21F71ED7C7C30029978E /* Release */,
			);
			defaultConfigurationIsVisible = 0;
			defaultConfigurationName = Release;
		};
		4B6F21F81ED7C7C30029978E /* Build configuration list for PBXNativeTarget "FTCalendar" */ = {
			isa = XCConfigurationList;
			buildConfigurations = (
				4B6F21F91ED7C7C30029978E /* Debug */,
				4B6F21FA1ED7C7C30029978E /* Release */,
			);
			defaultConfigurationIsVisible = 0;
		};
		4B6F21FB1ED7C7C30029978E /* Build configuration list for PBXNativeTarget "FTCalendarTests" */ = {
			isa = XCConfigurationList;
			buildConfigurations = (
				4B6F21FC1ED7C7C30029978E /* Debug */,
				4B6F21FD1ED7C7C30029978E /* Release */,
			);
			defaultConfigurationIsVisible = 0;
		};
		4B6F21FE1ED7C7C30029978E /* Build configuration list for PBXNativeTarget "FTCalendarUITests" */ = {
			isa = XCConfigurationList;
			buildConfigurations = (
				4B6F21FF1ED7C7C30029978E /* Debug */,
				4B6F22001ED7C7C30029978E /* Release */,
			);
			defaultConfigurationIsVisible = 0;
		};
/* End XCConfigurationList section */
	};
	rootObject = 4B6F21C81ED7C7C30029978E /* Project object */;
}
